
Microsoft Visual Studio Solution File, Format Version 12.00
# Visual Studio Version 17
VisualStudioVersion = 17.5.33424.131
MinimumVisualStudioVersion = 10.0.40219.1
Project("{9A19103F-16F7-4668-BE54-9A1E7A4F7556}") = "BuilderDesignPattern", "BuilderPattern\BuilderDesignPattern.csproj", "{BCC3A383-0370-480B-86BB-A0F1AE613206}"
EndProject
Project("{9A19103F-16F7-4668-BE54-9A1E7A4F7556}") = "FluentInterfaceDesignPattern", "FluentInterfaceDesignPattern\FluentInterfaceDesignPattern.csproj", "{7E85AFA6-ECFC-41D4-88EB-8685793DFCEC}"
EndProject
Project("{9A19103F-16F7-4668-BE54-9A1E7A4F7556}") = "PrototypeDesignPattern", "PrototypeDesignPattern\PrototypeDesignPattern.csproj", "{71E63FA6-80D3-4573-9E44-7FCFA439CD08}"
EndProject
Project("{9A19103F-16F7-4668-BE54-9A1E7A4F7556}") = "ShallowCopyDemo", "ShallowCopyDemo\ShallowCopyDemo.csproj", "{79DB1B07-94BB-4A9F-9AC1-C52B0E03CAFB}"
EndProject
Project("{FAE04EC0-301F-11D3-BF4B-00C04F79EFBC}") = "DesignPatterns", "DesignPatterns\DesignPatterns.csproj", "{0BEA7405-F9EB-4087-B997-28B367DC94E7}"
EndProject
Project("{9A19103F-16F7-4668-BE54-9A1E7A4F7556}") = "FactoryDesignPattern", "FactoryDesignPattern\FactoryDesignPattern.csproj", "{568C198A-F019-4BFC-BC69-7E01F1A85396}"
EndProject
Project("{9A19103F-16F7-4668-BE54-9A1E7A4F7556}") = "DeepCopyDemo", "DeepCopyDemo\DeepCopyDemo.csproj", "{87AD2B8D-B526-4B5C-AC92-E849056C8B05}"
EndProject
Project("{9A19103F-16F7-4668-BE54-9A1E7A4F7556}") = "SingletonDemo", "SingletonDemo\SingletonDemo.csproj", "{219B6F36-B50F-4351-8439-F8F2C7E601DC}"
EndProject
Project("{9A19103F-16F7-4668-BE54-9A1E7A4F7556}") = "SingletonNoSealed", "NoSealedSingleton\SingletonNoSealed.csproj", "{7906FCD7-2486-4BF0-A649-A6E4BA4B7896}"
EndProject
Project("{9A19103F-16F7-4668-BE54-9A1E7A4F7556}") = "SingletonThreadSafe", "SingletonTreadSafe\SingletonThreadSafe.csproj", "{0E56DF09-D81B-428D-8921-3FD34DA0B715}"
EndProject
Project("{9A19103F-16F7-4668-BE54-9A1E7A4F7556}") = "SingletonLoadingTypes", "SingletonLoadingTypes\SingletonLoadingTypes.csproj", "{547640EE-7F5D-4DE3-B59C-91C1FAA704EF}"
EndProject
Project("{9A19103F-16F7-4668-BE54-9A1E7A4F7556}") = "SigletonStaticClassIsDifferent", "SigletonStaticClassIsDifferent\SigletonStaticClassIsDifferent.csproj", "{CDE5AC13-3009-47CC-AC95-D1D84E014A81}"
EndProject
Project("{FAE04EC0-301F-11D3-BF4B-00C04F79EFBC}") = "SingletoninMVC", "SingletoninMVC\SingletoninMVC.csproj", "{9C539ACE-4D02-43BD-8514-6D788094F830}"
EndProject
Project("{FAE04EC0-301F-11D3-BF4B-00C04F79EFBC}") = "SingletonDesignPatternRealTimeExample", "SingletonDesignPatternRealTimeExample\SingletonDesignPatternRealTimeExample.csproj", "{3A80B5DA-B478-45EB-B6A5-73F62DB09582}"
EndProject
Project("{FAE04EC0-301F-11D3-BF4B-00C04F79EFBC}") = "AbstractFactoryDesignPattern", "AbstractFactoryDesignPattern\AbstractFactoryDesignPattern.csproj", "{79C5B7C1-42AA-411F-A8D4-4839BEE3FF83}"
EndProject
Project("{FAE04EC0-301F-11D3-BF4B-00C04F79EFBC}") = "AbstractFactoryRealTimeExample", "AbstractFactoryRealTimeExample\AbstractFactoryRealTimeExample.csproj", "{CDF6F779-AA5E-4719-9C0D-4141B1988FC7}"
EndProject
Global
	GlobalSection(SolutionConfigurationPlatforms) = preSolution
		Debug|Any CPU = Debug|Any CPU
		Release|Any CPU = Release|Any CPU
	EndGlobalSection
	GlobalSection(ProjectConfigurationPlatforms) = postSolution
		{BCC3A383-0370-480B-86BB-A0F1AE613206}.Debug|Any CPU.ActiveCfg = Debug|Any CPU
		{BCC3A383-0370-480B-86BB-A0F1AE613206}.Debug|Any CPU.Build.0 = Debug|Any CPU
		{BCC3A383-0370-480B-86BB-A0F1AE613206}.Release|Any CPU.ActiveCfg = Release|Any CPU
		{BCC3A383-0370-480B-86BB-A0F1AE613206}.Release|Any CPU.Build.0 = Release|Any CPU
		{7E85AFA6-ECFC-41D4-88EB-8685793DFCEC}.Debug|Any CPU.ActiveCfg = Debug|Any CPU
		{7E85AFA6-ECFC-41D4-88EB-8685793DFCEC}.Debug|Any CPU.Build.0 = Debug|Any CPU
		{7E85AFA6-ECFC-41D4-88EB-8685793DFCEC}.Release|Any CPU.ActiveCfg = Release|Any CPU
		{7E85AFA6-ECFC-41D4-88EB-8685793DFCEC}.Release|Any CPU.Build.0 = Release|Any CPU
		{71E63FA6-80D3-4573-9E44-7FCFA439CD08}.Debug|Any CPU.ActiveCfg = Debug|Any CPU
		{71E63FA6-80D3-4573-9E44-7FCFA439CD08}.Debug|Any CPU.Build.0 = Debug|Any CPU
		{71E63FA6-80D3-4573-9E44-7FCFA439CD08}.Release|Any CPU.ActiveCfg = Release|Any CPU
		{71E63FA6-80D3-4573-9E44-7FCFA439CD08}.Release|Any CPU.Build.0 = Release|Any CPU
		{79DB1B07-94BB-4A9F-9AC1-C52B0E03CAFB}.Debug|Any CPU.ActiveCfg = Debug|Any CPU
		{79DB1B07-94BB-4A9F-9AC1-C52B0E03CAFB}.Debug|Any CPU.Build.0 = Debug|Any CPU
		{79DB1B07-94BB-4A9F-9AC1-C52B0E03CAFB}.Release|Any CPU.ActiveCfg = Release|Any CPU
		{79DB1B07-94BB-4A9F-9AC1-C52B0E03CAFB}.Release|Any CPU.Build.0 = Release|Any CPU
		{0BEA7405-F9EB-4087-B997-28B367DC94E7}.Debug|Any CPU.ActiveCfg = Debug|Any CPU
		{0BEA7405-F9EB-4087-B997-28B367DC94E7}.Debug|Any CPU.Build.0 = Debug|Any CPU
		{0BEA7405-F9EB-4087-B997-28B367DC94E7}.Release|Any CPU.ActiveCfg = Release|Any CPU
		{0BEA7405-F9EB-4087-B997-28B367DC94E7}.Release|Any CPU.Build.0 = Release|Any CPU
		{568C198A-F019-4BFC-BC69-7E01F1A85396}.Debug|Any CPU.ActiveCfg = Debug|Any CPU
		{568C198A-F019-4BFC-BC69-7E01F1A85396}.Debug|Any CPU.Build.0 = Debug|Any CPU
		{568C198A-F019-4BFC-BC69-7E01F1A85396}.Release|Any CPU.ActiveCfg = Release|Any CPU
		{568C198A-F019-4BFC-BC69-7E01F1A85396}.Release|Any CPU.Build.0 = Release|Any CPU
		{87AD2B8D-B526-4B5C-AC92-E849056C8B05}.Debug|Any CPU.ActiveCfg = Debug|Any CPU
		{87AD2B8D-B526-4B5C-AC92-E849056C8B05}.Debug|Any CPU.Build.0 = Debug|Any CPU
		{87AD2B8D-B526-4B5C-AC92-E849056C8B05}.Release|Any CPU.ActiveCfg = Release|Any CPU
		{87AD2B8D-B526-4B5C-AC92-E849056C8B05}.Release|Any CPU.Build.0 = Release|Any CPU
		{219B6F36-B50F-4351-8439-F8F2C7E601DC}.Debug|Any CPU.ActiveCfg = Debug|Any CPU
		{219B6F36-B50F-4351-8439-F8F2C7E601DC}.Debug|Any CPU.Build.0 = Debug|Any CPU
		{219B6F36-B50F-4351-8439-F8F2C7E601DC}.Release|Any CPU.ActiveCfg = Release|Any CPU
		{219B6F36-B50F-4351-8439-F8F2C7E601DC}.Release|Any CPU.Build.0 = Release|Any CPU
		{7906FCD7-2486-4BF0-A649-A6E4BA4B7896}.Debug|Any CPU.ActiveCfg = Debug|Any CPU
		{7906FCD7-2486-4BF0-A649-A6E4BA4B7896}.Debug|Any CPU.Build.0 = Debug|Any CPU
		{7906FCD7-2486-4BF0-A649-A6E4BA4B7896}.Release|Any CPU.ActiveCfg = Release|Any CPU
		{7906FCD7-2486-4BF0-A649-A6E4BA4B7896}.Release|Any CPU.Build.0 = Release|Any CPU
		{0E56DF09-D81B-428D-8921-3FD34DA0B715}.Debug|Any CPU.ActiveCfg = Debug|Any CPU
		{0E56DF09-D81B-428D-8921-3FD34DA0B715}.Debug|Any CPU.Build.0 = Debug|Any CPU
		{0E56DF09-D81B-428D-8921-3FD34DA0B715}.Release|Any CPU.ActiveCfg = Release|Any CPU
		{0E56DF09-D81B-428D-8921-3FD34DA0B715}.Release|Any CPU.Build.0 = Release|Any CPU
		{547640EE-7F5D-4DE3-B59C-91C1FAA704EF}.Debug|Any CPU.ActiveCfg = Debug|Any CPU
		{547640EE-7F5D-4DE3-B59C-91C1FAA704EF}.Debug|Any CPU.Build.0 = Debug|Any CPU
		{547640EE-7F5D-4DE3-B59C-91C1FAA704EF}.Release|Any CPU.ActiveCfg = Release|Any CPU
		{547640EE-7F5D-4DE3-B59C-91C1FAA704EF}.Release|Any CPU.Build.0 = Release|Any CPU
		{CDE5AC13-3009-47CC-AC95-D1D84E014A81}.Debug|Any CPU.ActiveCfg = Debug|Any CPU
		{CDE5AC13-3009-47CC-AC95-D1D84E014A81}.Debug|Any CPU.Build.0 = Debug|Any CPU
		{CDE5AC13-3009-47CC-AC95-D1D84E014A81}.Release|Any CPU.ActiveCfg = Release|Any CPU
		{CDE5AC13-3009-47CC-AC95-D1D84E014A81}.Release|Any CPU.Build.0 = Release|Any CPU
		{9C539ACE-4D02-43BD-8514-6D788094F830}.Debug|Any CPU.ActiveCfg = Debug|Any CPU
		{9C539ACE-4D02-43BD-8514-6D788094F830}.Debug|Any CPU.Build.0 = Debug|Any CPU
		{9C539ACE-4D02-43BD-8514-6D788094F830}.Release|Any CPU.ActiveCfg = Release|Any CPU
		{9C539ACE-4D02-43BD-8514-6D788094F830}.Release|Any CPU.Build.0 = Release|Any CPU
		{3A80B5DA-B478-45EB-B6A5-73F62DB09582}.Debug|Any CPU.ActiveCfg = Debug|Any CPU
		{3A80B5DA-B478-45EB-B6A5-73F62DB09582}.Debug|Any CPU.Build.0 = Debug|Any CPU
		{3A80B5DA-B478-45EB-B6A5-73F62DB09582}.Release|Any CPU.ActiveCfg = Release|Any CPU
		{3A80B5DA-B478-45EB-B6A5-73F62DB09582}.Release|Any CPU.Build.0 = Release|Any CPU
		{79C5B7C1-42AA-411F-A8D4-4839BEE3FF83}.Debug|Any CPU.ActiveCfg = Debug|Any CPU
		{79C5B7C1-42AA-411F-A8D4-4839BEE3FF83}.Debug|Any CPU.Build.0 = Debug|Any CPU
		{79C5B7C1-42AA-411F-A8D4-4839BEE3FF83}.Release|Any CPU.ActiveCfg = Release|Any CPU
		{79C5B7C1-42AA-411F-A8D4-4839BEE3FF83}.Release|Any CPU.Build.0 = Release|Any CPU
		{CDF6F779-AA5E-4719-9C0D-4141B1988FC7}.Debug|Any CPU.ActiveCfg = Debug|Any CPU
		{CDF6F779-AA5E-4719-9C0D-4141B1988FC7}.Debug|Any CPU.Build.0 = Debug|Any CPU
		{CDF6F779-AA5E-4719-9C0D-4141B1988FC7}.Release|Any CPU.ActiveCfg = Release|Any CPU
		{CDF6F779-AA5E-4719-9C0D-4141B1988FC7}.Release|Any CPU.Build.0 = Release|Any CPU
	EndGlobalSection
	GlobalSection(SolutionProperties) = preSolution
		HideSolutionNode = FALSE
	EndGlobalSection
	GlobalSection(ExtensibilityGlobals) = postSolution
		SolutionGuid = {D9E4C27F-B43F-43B0-A630-E6B815ABDF8F}
	EndGlobalSection
EndGlobal
